
Microsoft Visual Studio Solution File, Format Version 12.00
# Visual Studio Version 17
VisualStudioVersion = 17.8.34330.188
MinimumVisualStudioVersion = 10.0.40219.1
Project("{9A19103F-16F7-4668-BE54-9A1E7A4F7556}") = "Booki", "Booki\Booki.csproj", "{5AEDAEAC-DE91-49C9-8B8E-05A90D50A0A3}"
EndProject
Project("{E53339B2-1760-4266-BCC7-CA923CBCF16C}") = "docker-compose", "docker-compose.dcproj", "{4A30126F-BAB4-42CE-8475-1810B160CB62}"
EndProject
Project("{9A19103F-16F7-4668-BE54-9A1E7A4F7556}") = "Salty", "..\Salty\Salty\Salty.csproj", "{B91A9C40-E315-4780-A8F2-79F3A728E143}"
EndProject
Project("{FAE04EC0-301F-11D3-BF4B-00C04F79EFBC}") = "Tests", "Tests\Tests.csproj", "{D561B565-B38A-48AC-AAF2-03D85242C49F}"
EndProject
Global
	GlobalSection(SolutionConfigurationPlatforms) = preSolution
		Debug|Any CPU = Debug|Any CPU
		Release|Any CPU = Release|Any CPU
	EndGlobalSection
	GlobalSection(ProjectConfigurationPlatforms) = postSolution
		{5AEDAEAC-DE91-49C9-8B8E-05A90D50A0A3}.Debug|Any CPU.ActiveCfg = Debug|Any CPU
		{5AEDAEAC-DE91-49C9-8B8E-05A90D50A0A3}.Debug|Any CPU.Build.0 = Debug|Any CPU
		{5AEDAEAC-DE91-49C9-8B8E-05A90D50A0A3}.Release|Any CPU.ActiveCfg = Release|Any CPU
		{5AEDAEAC-DE91-49C9-8B8E-05A90D50A0A3}.Release|Any CPU.Build.0 = Release|Any CPU
		{4A30126F-BAB4-42CE-8475-1810B160CB62}.Debug|Any CPU.ActiveCfg = Debug|Any CPU
		{4A30126F-BAB4-42CE-8475-1810B160CB62}.Debug|Any CPU.Build.0 = Debug|Any CPU
		{4A30126F-BAB4-42CE-8475-1810B160CB62}.Release|Any CPU.ActiveCfg = Release|Any CPU
		{4A30126F-BAB4-42CE-8475-1810B160CB62}.Release|Any CPU.Build.0 = Release|Any CPU
		{B91A9C40-E315-4780-A8F2-79F3A728E143}.Debug|Any CPU.ActiveCfg = Debug|Any CPU
		{B91A9C40-E315-4780-A8F2-79F3A728E143}.Debug|Any CPU.Build.0 = Debug|Any CPU
		{B91A9C40-E315-4780-A8F2-79F3A728E143}.Release|Any CPU.ActiveCfg = Release|Any CPU
		{B91A9C40-E315-4780-A8F2-79F3A728E143}.Release|Any CPU.Build.0 = Release|Any CPU
		{D561B565-B38A-48AC-AAF2-03D85242C49F}.Debug|Any CPU.ActiveCfg = Debug|Any CPU
		{D561B565-B38A-48AC-AAF2-03D85242C49F}.Debug|Any CPU.Build.0 = Debug|Any CPU
		{D561B565-B38A-48AC-AAF2-03D85242C49F}.Release|Any CPU.ActiveCfg = Release|Any CPU
		{D561B565-B38A-48AC-AAF2-03D85242C49F}.Release|Any CPU.Build.0 = Release|Any CPU
	EndGlobalSection
	GlobalSection(SolutionProperties) = preSolution
		HideSolutionNode = FALSE
	EndGlobalSection
	GlobalSection(ExtensibilityGlobals) = postSolution
		SolutionGuid = {FABE3D3D-8FDE-4F74-9193-9B973B6CBACD}
	EndGlobalSection
EndGlobal
